// !$*UTF8*$!
{
	archiveVersion = 1;
	classes = {
	};
	objectVersion = 50;
	objects = {

/* Begin PBXBuildFile section */
		FB08A865219F430D00188EEE /* Story.swift in Sources */ = {isa = PBXBuildFile; fileRef = FB08A864219F430D00188EEE /* Story.swift */; };
		FB24AA6821A30B5C0019DC19 /* madlib1_tarzan.txt in Resources */ = {isa = PBXBuildFile; fileRef = FB24AA6321A30B5B0019DC19 /* madlib1_tarzan.txt */; };
		FB24AA6921A30B5C0019DC19 /* madlib2_university.txt in Resources */ = {isa = PBXBuildFile; fileRef = FB24AA6421A30B5B0019DC19 /* madlib2_university.txt */; };
		FB24AA6A21A30B5C0019DC19 /* madlib0_simple.txt in Resources */ = {isa = PBXBuildFile; fileRef = FB24AA6521A30B5C0019DC19 /* madlib0_simple.txt */; };
		FB24AA6B21A30B5C0019DC19 /* madlib4_dance.txt in Resources */ = {isa = PBXBuildFile; fileRef = FB24AA6621A30B5C0019DC19 /* madlib4_dance.txt */; };
		FB24AA6C21A30B5C0019DC19 /* madlib3_clothes.txt in Resources */ = {isa = PBXBuildFile; fileRef = FB24AA6721A30B5C0019DC19 /* madlib3_clothes.txt */; };
		FB24AA6E21A431A20019DC19 /* WordsVC.swift in Sources */ = {isa = PBXBuildFile; fileRef = FB24AA6D21A431A20019DC19 /* WordsVC.swift */; };
		FB6EE8C821A2D7450097D671 /* StartVC.swift in Sources */ = {isa = PBXBuildFile; fileRef = FB6EE8C721A2D7440097D671 /* StartVC.swift */; };
		FB6EE8CA21A2D7670097D671 /* ResultVC.swift in Sources */ = {isa = PBXBuildFile; fileRef = FB6EE8C921A2D7670097D671 /* ResultVC.swift */; };
		FBF5CB17219C6F990093C091 /* AppDelegate.swift in Sources */ = {isa = PBXBuildFile; fileRef = FBF5CB16219C6F990093C091 /* AppDelegate.swift */; };
		FBF5CB19219C6F990093C091 /* StoryVC.swift in Sources */ = {isa = PBXBuildFile; fileRef = FBF5CB18219C6F990093C091 /* StoryVC.swift */; };
		FBF5CB1C219C6F990093C091 /* Main.storyboard in Resources */ = {isa = PBXBuildFile; fileRef = FBF5CB1A219C6F990093C091 /* Main.storyboard */; };
		FBF5CB1E219C6F9A0093C091 /* Assets.xcassets in Resources */ = {isa = PBXBuildFile; fileRef = FBF5CB1D219C6F9A0093C091 /* Assets.xcassets */; };
		FBF5CB21219C6F9A0093C091 /* LaunchScreen.storyboard in Resources */ = {isa = PBXBuildFile; fileRef = FBF5CB1F219C6F9A0093C091 /* LaunchScreen.storyboard */; };
/* End PBXBuildFile section */

/* Begin PBXFileReference section */
		FB08A864219F430D00188EEE /* Story.swift */ = {isa = PBXFileReference; fileEncoding = 4; lastKnownFileType = sourcecode.swift; path = Story.swift; sourceTree = "<group>"; };
		FB24AA6321A30B5B0019DC19 /* madlib1_tarzan.txt */ = {isa = PBXFileReference; fileEncoding = 4; lastKnownFileType = text; path = madlib1_tarzan.txt; sourceTree = SOURCE_ROOT; };
		FB24AA6421A30B5B0019DC19 /* madlib2_university.txt */ = {isa = PBXFileReference; fileEncoding = 4; lastKnownFileType = text; path = madlib2_university.txt; sourceTree = SOURCE_ROOT; };
		FB24AA6521A30B5C0019DC19 /* madlib0_simple.txt */ = {isa = PBXFileReference; fileEncoding = 4; lastKnownFileType = text; path = madlib0_simple.txt; sourceTree = SOURCE_ROOT; };
		FB24AA6621A30B5C0019DC19 /* madlib4_dance.txt */ = {isa = PBXFileReference; fileEncoding = 4; lastKnownFileType = text; path = madlib4_dance.txt; sourceTree = SOURCE_ROOT; };
		FB24AA6721A30B5C0019DC19 /* madlib3_clothes.txt */ = {isa = PBXFileReference; fileEncoding = 4; lastKnownFileType = text; path = madlib3_clothes.txt; sourceTree = SOURCE_ROOT; };
		FB24AA6D21A431A20019DC19 /* WordsVC.swift */ = {isa = PBXFileReference; lastKnownFileType = sourcecode.swift; path = WordsVC.swift; sourceTree = "<group>"; };
		FB6EE8C721A2D7440097D671 /* StartVC.swift */ = {isa = PBXFileReference; lastKnownFileType = sourcecode.swift; path = StartVC.swift; sourceTree = "<group>"; };
		FB6EE8C921A2D7670097D671 /* ResultVC.swift */ = {isa = PBXFileReference; lastKnownFileType = sourcecode.swift; path = ResultVC.swift; sourceTree = "<group>"; };
		FBF5CB13219C6F990093C091 /* DarylZandvliet-pset2.app */ = {isa = PBXFileReference; explicitFileType = wrapper.application; includeInIndex = 0; path = "DarylZandvliet-pset2.app"; sourceTree = BUILT_PRODUCTS_DIR; };
		FBF5CB16219C6F990093C091 /* AppDelegate.swift */ = {isa = PBXFileReference; lastKnownFileType = sourcecode.swift; path = AppDelegate.swift; sourceTree = "<group>"; };
		FBF5CB18219C6F990093C091 /* StoryVC.swift */ = {isa = PBXFileReference; lastKnownFileType = sourcecode.swift; path = StoryVC.swift; sourceTree = "<group>"; };
		FBF5CB1B219C6F990093C091 /* Base */ = {isa = PBXFileReference; lastKnownFileType = file.storyboard; name = Base; path = Base.lproj/Main.storyboard; sourceTree = "<group>"; };
		FBF5CB1D219C6F9A0093C091 /* Assets.xcassets */ = {isa = PBXFileReference; lastKnownFileType = folder.assetcatalog; path = Assets.xcassets; sourceTree = "<group>"; };
		FBF5CB20219C6F9A0093C091 /* Base */ = {isa = PBXFileReference; lastKnownFileType = file.storyboard; name = Base; path = Base.lproj/LaunchScreen.storyboard; sourceTree = "<group>"; };
		FBF5CB22219C6F9A0093C091 /* Info.plist */ = {isa = PBXFileReference; lastKnownFileType = text.plist.xml; path = Info.plist; sourceTree = "<group>"; };
/* End PBXFileReference section */

/* Begin PBXFrameworksBuildPhase section */
		FBF5CB10219C6F990093C091 /* Frameworks */ = {
			isa = PBXFrameworksBuildPhase;
			buildActionMask = 2147483647;
			files = (
			);
			runOnlyForDeploymentPostprocessing = 0;
		};
/* End PBXFrameworksBuildPhase section */

/* Begin PBXGroup section */
		FBF5CB0A219C6F990093C091 = {
			isa = PBXGroup;
			children = (
				FBF5CB15219C6F990093C091 /* DarylZandvliet-pset2 */,
				FBF5CB14219C6F990093C091 /* Products */,
			);
			sourceTree = "<group>";
		};
		FBF5CB14219C6F990093C091 /* Products */ = {
			isa = PBXGroup;
			children = (
				FBF5CB13219C6F990093C091 /* DarylZandvliet-pset2.app */,
			);
			name = Products;
			sourceTree = "<group>";
		};
		FBF5CB15219C6F990093C091 /* DarylZandvliet-pset2 */ = {
			isa = PBXGroup;
			children = (
				FB24AA6521A30B5C0019DC19 /* madlib0_simple.txt */,
				FB24AA6321A30B5B0019DC19 /* madlib1_tarzan.txt */,
				FB24AA6421A30B5B0019DC19 /* madlib2_university.txt */,
				FB24AA6721A30B5C0019DC19 /* madlib3_clothes.txt */,
				FB24AA6621A30B5C0019DC19 /* madlib4_dance.txt */,
				FBF5CB16219C6F990093C091 /* AppDelegate.swift */,
				FB6EE8C721A2D7440097D671 /* StartVC.swift */,
				FBF5CB18219C6F990093C091 /* StoryVC.swift */,
				FB24AA6D21A431A20019DC19 /* WordsVC.swift */,
				FB6EE8C921A2D7670097D671 /* ResultVC.swift */,
				FBF5CB1A219C6F990093C091 /* Main.storyboard */,
				FB08A864219F430D00188EEE /* Story.swift */,
				FBF5CB1D219C6F9A0093C091 /* Assets.xcassets */,
				FBF5CB1F219C6F9A0093C091 /* LaunchScreen.storyboard */,
				FBF5CB22219C6F9A0093C091 /* Info.plist */,
			);
			path = "DarylZandvliet-pset2";
			sourceTree = "<group>";
		};
/* End PBXGroup section */

/* Begin PBXNativeTarget section */
		FBF5CB12219C6F990093C091 /* DarylZandvliet-pset2 */ = {
			isa = PBXNativeTarget;
			buildConfigurationList = FBF5CB25219C6F9A0093C091 /* Build configuration list for PBXNativeTarget "DarylZandvliet-pset2" */;
			buildPhases = (
				FBF5CB0F219C6F990093C091 /* Sources */,
				FBF5CB10219C6F990093C091 /* Frameworks */,
				FBF5CB11219C6F990093C091 /* Resources */,
			);
			buildRules = (
			);
			dependencies = (
			);
			name = "DarylZandvliet-pset2";
			productName = "DarylZandvliet-pset2";
			productReference = FBF5CB13219C6F990093C091 /* DarylZandvliet-pset2.app */;
			productType = "com.apple.product-type.application";
		};
/* End PBXNativeTarget section */

/* Begin PBXProject section */
		FBF5CB0B219C6F990093C091 /* Project object */ = {
			isa = PBXProject;
			attributes = {
				LastSwiftUpdateCheck = 1010;
				LastUpgradeCheck = 1010;
				ORGANIZATIONNAME = "Daryl Zandvliet";
				TargetAttributes = {
					FBF5CB12219C6F990093C091 = {
						CreatedOnToolsVersion = 10.1;
					};
				};
			};
			buildConfigurationList = FBF5CB0E219C6F990093C091 /* Build configuration list for PBXProject "DarylZandvliet-pset2" */;
			compatibilityVersion = "Xcode 9.3";
			developmentRegion = en;
			hasScannedForEncodings = 0;
			knownRegions = (
				en,
				Base,
			);
			mainGroup = FBF5CB0A219C6F990093C091;
			productRefGroup = FBF5CB14219C6F990093C091 /* Products */;
			projectDirPath = "";
			projectRoot = "";
			targets = (
				FBF5CB12219C6F990093C091 /* DarylZandvliet-pset2 */,
			);
		};
/* End PBXProject section */

/* Begin PBXResourcesBuildPhase section */
		FBF5CB11219C6F990093C091 /* Resources */ = {
			isa = PBXResourcesBuildPhase;
			buildActionMask = 2147483647;
			files = (
				FB24AA6B21A30B5C0019DC19 /* madlib4_dance.txt in Resources */,
				FB24AA6A21A30B5C0019DC19 /* madlib0_simple.txt in Resources */,
				FBF5CB21219C6F9A0093C091 /* LaunchScreen.storyboard in Resources */,
				FB24AA6821A30B5C0019DC19 /* madlib1_tarzan.txt in Resources */,
				FBF5CB1E219C6F9A0093C091 /* Assets.xcassets in Resources */,
				FB24AA6921A30B5C0019DC19 /* madlib2_university.txt in Resources */,
				FB24AA6C21A30B5C0019DC19 /* madlib3_clothes.txt in Resources */,
				FBF5CB1C219C6F990093C091 /* Main.storyboard in Resources */,
			);
			runOnlyForDeploymentPostprocessing = 0;
		};
/* End PBXResourcesBuildPhase section */

/* Begin PBXSourcesBuildPhase section */
		FBF5CB0F219C6F990093C091 /* Sources */ = {
			isa = PBXSourcesBuildPhase;
			buildActionMask = 2147483647;
			files = (
				FB24AA6E21A431A20019DC19 /* WordsVC.swift in Sources */,
				FB6EE8CA21A2D7670097D671 /* ResultVC.swift in Sources */,
				FB6EE8C821A2D7450097D671 /* StartVC.swift in Sources */,
				FBF5CB19219C6F990093C091 /* StoryVC.swift in Sources */,
				FBF5CB17219C6F990093C091 /* AppDelegate.swift in Sources */,
				FB08A865219F430D00188EEE /* Story.swift in Sources */,
			);
			runOnlyForDeploymentPostprocessing = 0;
		};
/* End PBXSourcesBuildPhase section */

/* Begin PBXVariantGroup section */
		FBF5CB1A219C6F990093C091 /* Main.storyboard */ = {
			isa = PBXVariantGroup;
			children = (
				FBF5CB1B219C6F990093C091 /* Base */,
			);
			name = Main.storyboard;
			sourceTree = "<group>";
		};
		FBF5CB1F219C6F9A0093C091 /* LaunchScreen.storyboard */ = {
			isa = PBXVariantGroup;
			children = (
				FBF5CB20219C6F9A0093C091 /* Base */,
			);
			name = LaunchScreen.storyboard;
			sourceTree = "<group>";
		};
/* End PBXVariantGroup section */

/* Begin XCBuildConfiguration section */
		FBF5CB23219C6F9A0093C091 /* Debug */ = {
			isa = XCBuildConfiguration;
			buildSettings = {
				ALWAYS_SEARCH_USER_PATHS = NO;
				CLANG_ANALYZER_NONNULL = YES;
				CLANG_ANALYZER_NUMBER_OBJECT_CONVERSION = YES_AGGRESSIVE;
				CLANG_CXX_LANGUAGE_STANDARD = "gnu++14";
				CLANG_CXX_LIBRARY = "libc++";
				CLANG_ENABLE_MODULES = YES;
				CLANG_ENABLE_OBJC_ARC = YES;
				CLANG_ENABLE_OBJC_WEAK = YES;
				CLANG_WARN_BLOCK_CAPTURE_AUTORELEASING = YES;
				CLANG_WARN_BOOL_CONVERSION = YES;
				CLANG_WARN_COMMA = YES;
				CLANG_WARN_CONSTANT_CONVERSION = YES;
				CLANG_WARN_DEPRECATED_OBJC_IMPLEMENTATIONS = YES;
				CLANG_WARN_DIRECT_OBJC_ISA_USAGE = YES_ERROR;
				CLANG_WARN_DOCUMENTATION_COMMENTS = YES;
				CLANG_WARN_EMPTY_BODY = YES;
				CLANG_WARN_ENUM_CONVERSION = YES;
				CLANG_WARN_INFINITE_RECURSION = YES;
				CLANG_WARN_INT_CONVERSION = YES;
				CLANG_WARN_NON_LITERAL_NULL_CONVERSION = YES;
				CLANG_WARN_OBJC_IMPLICIT_RETAIN_SELF = YES;
				CLANG_WARN_OBJC_LITERAL_CONVERSION = YES;
				CLANG_WARN_OBJC_ROOT_CLASS = YES_ERROR;
				CLANG_WARN_RANGE_LOOP_ANALYSIS = YES;
				CLANG_WARN_STRICT_PROTOTYPES = YES;
				CLANG_WARN_SUSPICIOUS_MOVE = YES;
				CLANG_WARN_UNGUARDED_AVAILABILITY = YES_AGGRESSIVE;
				CLANG_WARN_UNREACHABLE_CODE = YES;
				CLANG_WARN__DUPLICATE_METHOD_MATCH = YES;
				CODE_SIGN_IDENTITY = "iPhone Developer";
				COPY_PHASE_STRIP = NO;
				DEBUG_INFORMATION_FORMAT = dwarf;
				ENABLE_STRICT_OBJC_MSGSEND = YES;
				ENABLE_TESTABILITY = YES;
				GCC_C_LANGUAGE_STANDARD = gnu11;
				GCC_DYNAMIC_NO_PIC = NO;
				GCC_NO_COMMON_BLOCKS = YES;
				GCC_OPTIMIZATION_LEVEL = 0;
				GCC_PREPROCESSOR_DEFINITIONS = (
					"DEBUG=1",
					"$(inherited)",
				);
				GCC_WARN_64_TO_32_BIT_CONVERSION = YES;
				GCC_WARN_ABOUT_RETURN_TYPE = YES_ERROR;
				GCC_WARN_UNDECLARED_SELECTOR = YES;
				GCC_WARN_UNINITIALIZED_AUTOS = YES_AGGRESSIVE;
				GCC_WARN_UNUSED_FUNCTION = YES;
				GCC_WARN_UNUSED_VARIABLE = YES;
				IPHONEOS_DEPLOYMENT_TARGET = 12.1;
				MTL_ENABLE_DEBUG_INFO = INCLUDE_SOURCE;
				MTL_FAST_MATH = YES;
				ONLY_ACTIVE_ARCH = YES;
				SDKROOT = iphoneos;
				SWIFT_ACTIVE_COMPILATION_CONDITIONS = DEBUG;
				SWIFT_OPTIMIZATION_LEVEL = "-Onone";
			};
			name = Debug;
		};
		FBF5CB24219C6F9A0093C091 /* Release */ = {
			isa = XCBuildConfiguration;
			buildSettings = {
				ALWAYS_SEARCH_USER_PATHS = NO;
				CLANG_ANALYZER_NONNULL = YES;
				CLANG_ANALYZER_NUMBER_OBJECT_CONVERSION = YES_AGGRESSIVE;
				CLANG_CXX_LANGUAGE_STANDARD = "gnu++14";
				CLANG_CXX_LIBRARY = "libc++";
				CLANG_ENABLE_MODULES = YES;
				CLANG_ENABLE_OBJC_ARC = YES;
				CLANG_ENABLE_OBJC_WEAK = YES;
				CLANG_WARN_BLOCK_CAPTURE_AUTORELEASING = YES;
				CLANG_WARN_BOOL_CONVERSION = YES;
				CLANG_WARN_COMMA = YES;
				CLANG_WARN_CONSTANT_CONVERSION = YES;
				CLANG_WARN_DEPRECATED_OBJC_IMPLEMENTATIONS = YES;
				CLANG_WARN_DIRECT_OBJC_ISA_USAGE = YES_ERROR;
				CLANG_WARN_DOCUMENTATION_COMMENTS = YES;
				CLANG_WARN_EMPTY_BODY = YES;
				CLANG_WARN_ENUM_CONVERSION = YES;
				CLANG_WARN_INFINITE_RECURSION = YES;
				CLANG_WARN_INT_CONVERSION = YES;
				CLANG_WARN_NON_LITERAL_NULL_CONVERSION = YES;
				CLANG_WARN_OBJC_IMPLICIT_RETAIN_SELF = YES;
				CLANG_WARN_OBJC_LITERAL_CONVERSION = YES;
				CLANG_WARN_OBJC_ROOT_CLASS = YES_ERROR;
				CLANG_WARN_RANGE_LOOP_ANALYSIS = YES;
				CLANG_WARN_STRICT_PROTOTYPES = YES;
				CLANG_WARN_SUSPICIOUS_MOVE = YES;
				CLANG_WARN_UNGUARDED_AVAILABILITY = YES_AGGRESSIVE;
				CLANG_WARN_UNREACHABLE_CODE = YES;
				CLANG_WARN__DUPLICATE_METHOD_MATCH = YES;
				CODE_SIGN_IDENTITY = "iPhone Developer";
				COPY_PHASE_STRIP = NO;
				DEBUG_INFORMATION_FORMAT = "dwarf-with-dsym";
				ENABLE_NS_ASSERTIONS = NO;
				ENABLE_STRICT_OBJC_MSGSEND = YES;
				GCC_C_LANGUAGE_STANDARD = gnu11;
				GCC_NO_COMMON_BLOCKS = YES;
				GCC_WARN_64_TO_32_BIT_CONVERSION = YES;
				GCC_WARN_ABOUT_RETURN_TYPE = YES_ERROR;
				GCC_WARN_UNDECLARED_SELECTOR = YES;
				GCC_WARN_UNINITIALIZED_AUTOS = YES_AGGRESSIVE;
				GCC_WARN_UNUSED_FUNCTION = YES;
				GCC_WARN_UNUSED_VARIABLE = YES;
				IPHONEOS_DEPLOYMENT_TARGET = 12.1;
				MTL_ENABLE_DEBUG_INFO = NO;
				MTL_FAST_MATH = YES;
				SDKROOT = iphoneos;
				SWIFT_COMPILATION_MODE = wholemodule;
				SWIFT_OPTIMIZATION_LEVEL = "-O";
				VALIDATE_PRODUCT = YES;
			};
			name = Release;
		};
		FBF5CB26219C6F9A0093C091 /* Debug */ = {
			isa = XCBuildConfiguration;
			buildSettings = {
				ASSETCATALOG_COMPILER_APPICON_NAME = AppIcon;
				CODE_SIGN_STYLE = Automatic;
				DEVELOPMENT_TEAM = 4NPM28JH8B;
				INFOPLIST_FILE = "DarylZandvliet-pset2/Info.plist";
				LD_RUNPATH_SEARCH_PATHS = (
					"$(inherited)",
					"@executable_path/Frameworks",
				);
				PRODUCT_BUNDLE_IDENTIFIER = "com.darylzandvliet.DarylZandvliet-pset2";
				PRODUCT_NAME = "$(TARGET_NAME)";
				SWIFT_VERSION = 4.2;
				TARGETED_DEVICE_FAMILY = "1,2";
			};
			name = Debug;
		};
		FBF5CB27219C6F9A0093C091 /* Release */ = {
			isa = XCBuildConfiguration;
			buildSettings = {
				ASSETCATALOG_COMPILER_APPICON_NAME = AppIcon;
				CODE_SIGN_STYLE = Automatic;
				DEVELOPMENT_TEAM = 4NPM28JH8B;
				INFOPLIST_FILE = "DarylZandvliet-pset2/Info.plist";
				LD_RUNPATH_SEARCH_PATHS = (
					"$(inherited)",
					"@executable_path/Frameworks",
				);
				PRODUCT_BUNDLE_IDENTIFIER = "com.darylzandvliet.DarylZandvliet-pset2";
				PRODUCT_NAME = "$(TARGET_NAME)";
				SWIFT_VERSION = 4.2;
				TARGETED_DEVICE_FAMILY = "1,2";
			};
			name = Release;
		};
/* End XCBuildConfiguration section */

/* Begin XCConfigurationList section */
		FBF5CB0E219C6F990093C091 /* Build configuration list for PBXProject "DarylZandvliet-pset2" */ = {
			isa = XCConfigurationList;
			buildConfigurations = (
				FBF5CB23219C6F9A0093C091 /* Debug */,
				FBF5CB24219C6F9A0093C091 /* Release */,
			);
			defaultConfigurationIsVisible = 0;
			defaultConfigurationName = Release;
		};
		FBF5CB25219C6F9A0093C091 /* Build configuration list for PBXNativeTarget "DarylZandvliet-pset2" */ = {
			isa = XCConfigurationList;
			buildConfigurations = (
				FBF5CB26219C6F9A0093C091 /* Debug */,
				FBF5CB27219C6F9A0093C091 /* Release */,
			);
			defaultConfigurationIsVisible = 0;
			defaultConfigurationName = Release;
		};
/* End XCConfigurationList section */
	};
	rootObject = FBF5CB0B219C6F990093C091 /* Project object */;
}
